// !$*UTF8*$!
{
	archiveVersion = 1;
	classes = {
	};
	objectVersion = 50;
	objects = {

/* Begin PBXBuildFile section */
		CD4516F022BC8FC9009403C4 /* TodoItem.swift in Sources */ = {isa = PBXBuildFile; fileRef = CD4516EF22BC8FC9009403C4 /* TodoItem.swift */; };
		CD7EC3DE22BCA0DB00C105DD /* Task+CoreDataClass.swift in Sources */ = {isa = PBXBuildFile; fileRef = CD7EC3DC22BCA0DB00C105DD /* Task+CoreDataClass.swift */; };
		CD7EC3DF22BCA0DB00C105DD /* Task+CoreDataProperties.swift in Sources */ = {isa = PBXBuildFile; fileRef = CD7EC3DD22BCA0DB00C105DD /* Task+CoreDataProperties.swift */; };
		CD7EC3E222BCA49900C105DD /* CoreDataManager.swift in Sources */ = {isa = PBXBuildFile; fileRef = CD7EC3E122BCA49900C105DD /* CoreDataManager.swift */; };
		CDD1008822A76683002E6C59 /* AppDelegate.swift in Sources */ = {isa = PBXBuildFile; fileRef = CDD1008722A76683002E6C59 /* AppDelegate.swift */; };
		CDD1008A22A76683002E6C59 /* SceneDelegate.swift in Sources */ = {isa = PBXBuildFile; fileRef = CDD1008922A76683002E6C59 /* SceneDelegate.swift */; };
		CDD1008C22A76683002E6C59 /* TaskListView.swift in Sources */ = {isa = PBXBuildFile; fileRef = CDD1008B22A76683002E6C59 /* TaskListView.swift */; };
		CDD1008E22A76684002E6C59 /* Assets.xcassets in Resources */ = {isa = PBXBuildFile; fileRef = CDD1008D22A76684002E6C59 /* Assets.xcassets */; };
		CDD1009122A76684002E6C59 /* Preview Assets.xcassets in Resources */ = {isa = PBXBuildFile; fileRef = CDD1009022A76684002E6C59 /* Preview Assets.xcassets */; };
		CDD1009422A76684002E6C59 /* LaunchScreen.storyboard in Resources */ = {isa = PBXBuildFile; fileRef = CDD1009222A76684002E6C59 /* LaunchScreen.storyboard */; };
		CDE3D86122BC9DC600FF4003 /* TodoList.xcdatamodeld in Sources */ = {isa = PBXBuildFile; fileRef = CDE3D85F22BC9DC600FF4003 /* TodoList.xcdatamodeld */; };
/* End PBXBuildFile section */

/* Begin PBXFileReference section */
		CD4516EF22BC8FC9009403C4 /* TodoItem.swift */ = {isa = PBXFileReference; lastKnownFileType = sourcecode.swift; path = TodoItem.swift; sourceTree = "<group>"; };
		CD7EC3DC22BCA0DB00C105DD /* Task+CoreDataClass.swift */ = {isa = PBXFileReference; lastKnownFileType = sourcecode.swift; path = "Task+CoreDataClass.swift"; sourceTree = "<group>"; };
		CD7EC3DD22BCA0DB00C105DD /* Task+CoreDataProperties.swift */ = {isa = PBXFileReference; lastKnownFileType = sourcecode.swift; path = "Task+CoreDataProperties.swift"; sourceTree = "<group>"; };
		CD7EC3E122BCA49900C105DD /* CoreDataManager.swift */ = {isa = PBXFileReference; lastKnownFileType = sourcecode.swift; path = CoreDataManager.swift; sourceTree = "<group>"; };
		CDD1008422A76683002E6C59 /* SwiftUITODOList.app */ = {isa = PBXFileReference; explicitFileType = wrapper.application; includeInIndex = 0; path = SwiftUITODOList.app; sourceTree = BUILT_PRODUCTS_DIR; };
		CDD1008722A76683002E6C59 /* AppDelegate.swift */ = {isa = PBXFileReference; lastKnownFileType = sourcecode.swift; path = AppDelegate.swift; sourceTree = "<group>"; };
		CDD1008922A76683002E6C59 /* SceneDelegate.swift */ = {isa = PBXFileReference; lastKnownFileType = sourcecode.swift; path = SceneDelegate.swift; sourceTree = "<group>"; };
		CDD1008B22A76683002E6C59 /* TaskListView.swift */ = {isa = PBXFileReference; lastKnownFileType = sourcecode.swift; path = TaskListView.swift; sourceTree = "<group>"; };
		CDD1008D22A76684002E6C59 /* Assets.xcassets */ = {isa = PBXFileReference; lastKnownFileType = folder.assetcatalog; path = Assets.xcassets; sourceTree = "<group>"; };
		CDD1009022A76684002E6C59 /* Preview Assets.xcassets */ = {isa = PBXFileReference; lastKnownFileType = folder.assetcatalog; path = "Preview Assets.xcassets"; sourceTree = "<group>"; };
		CDD1009322A76684002E6C59 /* Base */ = {isa = PBXFileReference; lastKnownFileType = file.storyboard; name = Base; path = Base.lproj/LaunchScreen.storyboard; sourceTree = "<group>"; };
		CDD1009522A76684002E6C59 /* Info.plist */ = {isa = PBXFileReference; lastKnownFileType = text.plist.xml; path = Info.plist; sourceTree = "<group>"; };
		CDE3D86022BC9DC600FF4003 /* TodoList.xcdatamodel */ = {isa = PBXFileReference; lastKnownFileType = wrapper.xcdatamodel; path = TodoList.xcdatamodel; sourceTree = "<group>"; };
/* End PBXFileReference section */

/* Begin PBXFrameworksBuildPhase section */
		CDD1008122A76683002E6C59 /* Frameworks */ = {
			isa = PBXFrameworksBuildPhase;
			buildActionMask = 2147483647;
			files = (
			);
			runOnlyForDeploymentPostprocessing = 0;
		};
/* End PBXFrameworksBuildPhase section */

/* Begin PBXGroup section */
		CD7EC3E022BCA46A00C105DD /* Services */ = {
			isa = PBXGroup;
			children = (
				CD7EC3E122BCA49900C105DD /* CoreDataManager.swift */,
			);
			path = Services;
			sourceTree = "<group>";
		};
		CDD1007B22A76683002E6C59 = {
			isa = PBXGroup;
			children = (
				CDD1008622A76683002E6C59 /* SwiftUITODOList */,
				CDD1008522A76683002E6C59 /* Products */,
			);
			sourceTree = "<group>";
		};
		CDD1008522A76683002E6C59 /* Products */ = {
			isa = PBXGroup;
			children = (
				CDD1008422A76683002E6C59 /* SwiftUITODOList.app */,
			);
			name = Products;
			sourceTree = "<group>";
		};
		CDD1008622A76683002E6C59 /* SwiftUITODOList */ = {
			isa = PBXGroup;
			children = (
				CD7EC3E022BCA46A00C105DD /* Services */,
				CDE3D86722BC9ED600FF4003 /* Models */,
				CDE3D86622BC9ECE00FF4003 /* Views */,
				CDD1008722A76683002E6C59 /* AppDelegate.swift */,
				CDD1008922A76683002E6C59 /* SceneDelegate.swift */,
				CDD1008D22A76684002E6C59 /* Assets.xcassets */,
				CDD1009222A76684002E6C59 /* LaunchScreen.storyboard */,
				CDD1009522A76684002E6C59 /* Info.plist */,
				CDD1008F22A76684002E6C59 /* Preview Content */,
			);
			path = SwiftUITODOList;
			sourceTree = "<group>";
		};
		CDD1008F22A76684002E6C59 /* Preview Content */ = {
			isa = PBXGroup;
			children = (
				CDD1009022A76684002E6C59 /* Preview Assets.xcassets */,
			);
			path = "Preview Content";
			sourceTree = "<group>";
		};
		CDE3D86622BC9ECE00FF4003 /* Views */ = {
			isa = PBXGroup;
			children = (
				CDD1008B22A76683002E6C59 /* TaskListView.swift */,
			);
			path = Views;
			sourceTree = "<group>";
		};
		CDE3D86722BC9ED600FF4003 /* Models */ = {
			isa = PBXGroup;
			children = (
				CD4516EF22BC8FC9009403C4 /* TodoItem.swift */,
				CDE3D86822BC9EDE00FF4003 /* CoreData */,
			);
			path = Models;
			sourceTree = "<group>";
		};
		CDE3D86822BC9EDE00FF4003 /* CoreData */ = {
			isa = PBXGroup;
			children = (
				CD7EC3DC22BCA0DB00C105DD /* Task+CoreDataClass.swift */,
				CD7EC3DD22BCA0DB00C105DD /* Task+CoreDataProperties.swift */,
				CDE3D85F22BC9DC600FF4003 /* TodoList.xcdatamodeld */,
			);
			path = CoreData;
			sourceTree = "<group>";
		};
/* End PBXGroup section */

/* Begin PBXNativeTarget section */
		CDD1008322A76683002E6C59 /* SwiftUITODOList */ = {
			isa = PBXNativeTarget;
			buildConfigurationList = CDD1009822A76684002E6C59 /* Build configuration list for PBXNativeTarget "SwiftUITODOList" */;
			buildPhases = (
				CDD1008022A76683002E6C59 /* Sources */,
				CDD1008122A76683002E6C59 /* Frameworks */,
				CDD1008222A76683002E6C59 /* Resources */,
			);
			buildRules = (
			);
			dependencies = (
			);
			name = SwiftUITODOList;
			productName = SwiftUITODOList;
			productReference = CDD1008422A76683002E6C59 /* SwiftUITODOList.app */;
			productType = "com.apple.product-type.application";
		};
/* End PBXNativeTarget section */

/* Begin PBXProject section */
		CDD1007C22A76683002E6C59 /* Project object */ = {
			isa = PBXProject;
			attributes = {
				LastSwiftUpdateCheck = 1100;
				LastUpgradeCheck = 1100;
				ORGANIZATIONNAME = "Deborah Newberry";
				TargetAttributes = {
					CDD1008322A76683002E6C59 = {
						CreatedOnToolsVersion = 11.0;
					};
				};
			};
			buildConfigurationList = CDD1007F22A76683002E6C59 /* Build configuration list for PBXProject "SwiftUITODOList" */;
			compatibilityVersion = "Xcode 9.3";
			developmentRegion = en;
			hasScannedForEncodings = 0;
			knownRegions = (
				en,
				Base,
			);
			mainGroup = CDD1007B22A76683002E6C59;
			productRefGroup = CDD1008522A76683002E6C59 /* Products */;
			projectDirPath = "";
			projectRoot = "";
			targets = (
				CDD1008322A76683002E6C59 /* SwiftUITODOList */,
			);
		};
/* End PBXProject section */

/* Begin PBXResourcesBuildPhase section */
		CDD1008222A76683002E6C59 /* Resources */ = {
			isa = PBXResourcesBuildPhase;
			buildActionMask = 2147483647;
			files = (
				CDD1009422A76684002E6C59 /* LaunchScreen.storyboard in Resources */,
				CDD1009122A76684002E6C59 /* Preview Assets.xcassets in Resources */,
				CDD1008E22A76684002E6C59 /* Assets.xcassets in Resources */,
			);
			runOnlyForDeploymentPostprocessing = 0;
		};
/* End PBXResourcesBuildPhase section */

/* Begin PBXSourcesBuildPhase section */
		CDD1008022A76683002E6C59 /* Sources */ = {
			isa = PBXSourcesBuildPhase;
			buildActionMask = 2147483647;
			files = (
				CDE3D86122BC9DC600FF4003 /* TodoList.xcdatamodeld in Sources */,
				CDD1008822A76683002E6C59 /* AppDelegate.swift in Sources */,
				CDD1008A22A76683002E6C59 /* SceneDelegate.swift in Sources */,
				CD4516F022BC8FC9009403C4 /* TodoItem.swift in Sources */,
				CD7EC3DF22BCA0DB00C105DD /* Task+CoreDataProperties.swift in Sources */,
				CD7EC3DE22BCA0DB00C105DD /* Task+CoreDataClass.swift in Sources */,
				CD7EC3E222BCA49900C105DD /* CoreDataManager.swift in Sources */,
				CDD1008C22A76683002E6C59 /* TaskListView.swift in Sources */,
			);
			runOnlyForDeploymentPostprocessing = 0;
		};
/* End PBXSourcesBuildPhase section */

/* Begin PBXVariantGroup section */
		CDD1009222A76684002E6C59 /* LaunchScreen.storyboard */ = {
			isa = PBXVariantGroup;
			children = (
				CDD1009322A76684002E6C59 /* Base */,
			);
			name = LaunchScreen.storyboard;
			sourceTree = "<group>";
		};
/* End PBXVariantGroup section */

/* Begin XCBuildConfiguration section */
		CDD1009622A76684002E6C59 /* Debug */ = {
			isa = XCBuildConfiguration;
			buildSettings = {
				ALWAYS_SEARCH_USER_PATHS = NO;
				CLANG_ANALYZER_NONNULL = YES;
				CLANG_ANALYZER_NUMBER_OBJECT_CONVERSION = YES_AGGRESSIVE;
				CLANG_CXX_LANGUAGE_STANDARD = "gnu++14";
				CLANG_CXX_LIBRARY = "libc++";
				CLANG_ENABLE_MODULES = YES;
				CLANG_ENABLE_OBJC_ARC = YES;
				CLANG_ENABLE_OBJC_WEAK = YES;
				CLANG_WARN_BLOCK_CAPTURE_AUTORELEASING = YES;
				CLANG_WARN_BOOL_CONVERSION = YES;
				CLANG_WARN_COMMA = YES;
				CLANG_WARN_CONSTANT_CONVERSION = YES;
				CLANG_WARN_DEPRECATED_OBJC_IMPLEMENTATIONS = YES;
				CLANG_WARN_DIRECT_OBJC_ISA_USAGE = YES_ERROR;
				CLANG_WARN_DOCUMENTATION_COMMENTS = YES;
				CLANG_WARN_EMPTY_BODY = YES;
				CLANG_WARN_ENUM_CONVERSION = YES;
				CLANG_WARN_INFINITE_RECURSION = YES;
				CLANG_WARN_INT_CONVERSION = YES;
				CLANG_WARN_NON_LITERAL_NULL_CONVERSION = YES;
				CLANG_WARN_OBJC_IMPLICIT_RETAIN_SELF = YES;
				CLANG_WARN_OBJC_LITERAL_CONVERSION = YES;
				CLANG_WARN_OBJC_ROOT_CLASS = YES_ERROR;
				CLANG_WARN_RANGE_LOOP_ANALYSIS = YES;
				CLANG_WARN_STRICT_PROTOTYPES = YES;
				CLANG_WARN_SUSPICIOUS_MOVE = YES;
				CLANG_WARN_UNGUARDED_AVAILABILITY = YES_AGGRESSIVE;
				CLANG_WARN_UNREACHABLE_CODE = YES;
				CLANG_WARN__DUPLICATE_METHOD_MATCH = YES;
				COPY_PHASE_STRIP = NO;
				DEBUG_INFORMATION_FORMAT = dwarf;
				ENABLE_STRICT_OBJC_MSGSEND = YES;
				ENABLE_TESTABILITY = YES;
				GCC_C_LANGUAGE_STANDARD = gnu11;
				GCC_DYNAMIC_NO_PIC = NO;
				GCC_NO_COMMON_BLOCKS = YES;
				GCC_OPTIMIZATION_LEVEL = 0;
				GCC_PREPROCESSOR_DEFINITIONS = (
					"DEBUG=1",
					"$(inherited)",
				);
				GCC_WARN_64_TO_32_BIT_CONVERSION = YES;
				GCC_WARN_ABOUT_RETURN_TYPE = YES_ERROR;
				GCC_WARN_UNDECLARED_SELECTOR = YES;
				GCC_WARN_UNINITIALIZED_AUTOS = YES_AGGRESSIVE;
				GCC_WARN_UNUSED_FUNCTION = YES;
				GCC_WARN_UNUSED_VARIABLE = YES;
				IPHONEOS_DEPLOYMENT_TARGET = 13.0;
				MTL_ENABLE_DEBUG_INFO = INCLUDE_SOURCE;
				MTL_FAST_MATH = YES;
				ONLY_ACTIVE_ARCH = YES;
				SDKROOT = iphoneos;
				SWIFT_ACTIVE_COMPILATION_CONDITIONS = DEBUG;
				SWIFT_OPTIMIZATION_LEVEL = "-Onone";
			};
			name = Debug;
		};
		CDD1009722A76684002E6C59 /* Release */ = {
			isa = XCBuildConfiguration;
			buildSettings = {
				ALWAYS_SEARCH_USER_PATHS = NO;
				CLANG_ANALYZER_NONNULL = YES;
				CLANG_ANALYZER_NUMBER_OBJECT_CONVERSION = YES_AGGRESSIVE;
				CLANG_CXX_LANGUAGE_STANDARD = "gnu++14";
				CLANG_CXX_LIBRARY = "libc++";
				CLANG_ENABLE_MODULES = YES;
				CLANG_ENABLE_OBJC_ARC = YES;
				CLANG_ENABLE_OBJC_WEAK = YES;
				CLANG_WARN_BLOCK_CAPTURE_AUTORELEASING = YES;
				CLANG_WARN_BOOL_CONVERSION = YES;
				CLANG_WARN_COMMA = YES;
				CLANG_WARN_CONSTANT_CONVERSION = YES;
				CLANG_WARN_DEPRECATED_OBJC_IMPLEMENTATIONS = YES;
				CLANG_WARN_DIRECT_OBJC_ISA_USAGE = YES_ERROR;
				CLANG_WARN_DOCUMENTATION_COMMENTS = YES;
				CLANG_WARN_EMPTY_BODY = YES;
				CLANG_WARN_ENUM_CONVERSION = YES;
				CLANG_WARN_INFINITE_RECURSION = YES;
				CLANG_WARN_INT_CONVERSION = YES;
				CLANG_WARN_NON_LITERAL_NULL_CONVERSION = YES;
				CLANG_WARN_OBJC_IMPLICIT_RETAIN_SELF = YES;
				CLANG_WARN_OBJC_LITERAL_CONVERSION = YES;
				CLANG_WARN_OBJC_ROOT_CLASS = YES_ERROR;
				CLANG_WARN_RANGE_LOOP_ANALYSIS = YES;
				CLANG_WARN_STRICT_PROTOTYPES = YES;
				CLANG_WARN_SUSPICIOUS_MOVE = YES;
				CLANG_WARN_UNGUARDED_AVAILABILITY = YES_AGGRESSIVE;
				CLANG_WARN_UNREACHABLE_CODE = YES;
				CLANG_WARN__DUPLICATE_METHOD_MATCH = YES;
				COPY_PHASE_STRIP = NO;
				DEBUG_INFORMATION_FORMAT = "dwarf-with-dsym";
				ENABLE_NS_ASSERTIONS = NO;
				ENABLE_STRICT_OBJC_MSGSEND = YES;
				GCC_C_LANGUAGE_STANDARD = gnu11;
				GCC_NO_COMMON_BLOCKS = YES;
				GCC_WARN_64_TO_32_BIT_CONVERSION = YES;
				GCC_WARN_ABOUT_RETURN_TYPE = YES_ERROR;
				GCC_WARN_UNDECLARED_SELECTOR = YES;
				GCC_WARN_UNINITIALIZED_AUTOS = YES_AGGRESSIVE;
				GCC_WARN_UNUSED_FUNCTION = YES;
				GCC_WARN_UNUSED_VARIABLE = YES;
				IPHONEOS_DEPLOYMENT_TARGET = 13.0;
				MTL_ENABLE_DEBUG_INFO = NO;
				MTL_FAST_MATH = YES;
				SDKROOT = iphoneos;
				SWIFT_COMPILATION_MODE = wholemodule;
				SWIFT_OPTIMIZATION_LEVEL = "-O";
				VALIDATE_PRODUCT = YES;
			};
			name = Release;
		};
		CDD1009922A76684002E6C59 /* Debug */ = {
			isa = XCBuildConfiguration;
			buildSettings = {
				ASSETCATALOG_COMPILER_APPICON_NAME = AppIcon;
				CODE_SIGN_STYLE = Automatic;
				DEVELOPMENT_ASSET_PATHS = "SwiftUITODOList/Preview\\ Content";
				DEVELOPMENT_TEAM = KP537WFKBH;
				ENABLE_PREVIEWS = YES;
				INFOPLIST_FILE = SwiftUITODOList/Info.plist;
				LD_RUNPATH_SEARCH_PATHS = (
					"$(inherited)",
					"@executable_path/Frameworks",
				);
				PRODUCT_BUNDLE_IDENTIFIER = com.dnewberr.SwiftUITODOList;
				PRODUCT_NAME = "$(TARGET_NAME)";
				SWIFT_VERSION = 5.0;
				TARGETED_DEVICE_FAMILY = "1,2";
			};
			name = Debug;
		};
		CDD1009A22A76684002E6C59 /* Release */ = {
			isa = XCBuildConfiguration;
			buildSettings = {
				ASSETCATALOG_COMPILER_APPICON_NAME = AppIcon;
				CODE_SIGN_STYLE = Automatic;
				DEVELOPMENT_ASSET_PATHS = "SwiftUITODOList/Preview\\ Content";
				DEVELOPMENT_TEAM = KP537WFKBH;
				ENABLE_PREVIEWS = YES;
				INFOPLIST_FILE = SwiftUITODOList/Info.plist;
				LD_RUNPATH_SEARCH_PATHS = (
					"$(inherited)",
					"@executable_path/Frameworks",
				);
				PRODUCT_BUNDLE_IDENTIFIER = com.dnewberr.SwiftUITODOList;
				PRODUCT_NAME = "$(TARGET_NAME)";
				SWIFT_VERSION = 5.0;
				TARGETED_DEVICE_FAMILY = "1,2";
			};
			name = Release;
		};
/* End XCBuildConfiguration section */

/* Begin XCConfigurationList section */
		CDD1007F22A76683002E6C59 /* Build configuration list for PBXProject "SwiftUITODOList" */ = {
			isa = XCConfigurationList;
			buildConfigurations = (
				CDD1009622A76684002E6C59 /* Debug */,
				CDD1009722A76684002E6C59 /* Release */,
			);
			defaultConfigurationIsVisible = 0;
			defaultConfigurationName = Release;
		};
		CDD1009822A76684002E6C59 /* Build configuration list for PBXNativeTarget "SwiftUITODOList" */ = {
			isa = XCConfigurationList;
			buildConfigurations = (
				CDD1009922A76684002E6C59 /* Debug */,
				CDD1009A22A76684002E6C59 /* Release */,
			);
			defaultConfigurationIsVisible = 0;
			defaultConfigurationName = Release;
		};
/* End XCConfigurationList section */

/* Begin XCVersionGroup section */
		CDE3D85F22BC9DC600FF4003 /* TodoList.xcdatamodeld */ = {
			isa = XCVersionGroup;
			children = (
				CDE3D86022BC9DC600FF4003 /* TodoList.xcdatamodel */,
			);
			currentVersion = CDE3D86022BC9DC600FF4003 /* TodoList.xcdatamodel */;
			path = TodoList.xcdatamodeld;
			sourceTree = "<group>";
			versionGroupType = wrapper.xcdatamodel;
		};
/* End XCVersionGroup section */
	};
	rootObject = CDD1007C22A76683002E6C59 /* Project object */;
}
